<Solution>
  <Folder Name="/src/">
    <Project Path="src/AircraftMaintenanceOperations.API/AircraftMaintenanceOperations.API.csproj" />
    <Project Path="src/AircraftMaintenanceOperations.Application/AircraftMaintenanceOperations.Application.csproj" />
    <Project Path="src/AircraftMaintenanceOperations.Domain/AircraftMaintenanceOperations.Domain.csproj" />
    <Project Path="src/AircraftMaintenanceOperations.Infrastructure/AircraftMaintenanceOperations.Infrastructure.csproj" />
  </Folder>
  <Folder Name="/tests/">
    <Project Path="tests/AircraftMaintenanceOperations.Tests/AircraftMaintenanceOperations.Tests.csproj" />
  </Folder>
</Solution>
