<Solution>
  <Folder Name="/src/">
    <Project Path="src/AircraftMaintenanceOperations.API/AircraftMaintenanceOperations.API.csproj" />
    <Project Path="src/AirportMaintenanceOperations.Application/AircraftMaintenanceOperations.Application.csproj" />
    <Project Path="src/AirportMaintenanceOperations.Domain/AircraftMaintenanceOperations.Domain.csproj" />
    <Project Path="src/AirportMaintenanceOperations.Infrastructure/AircraftMaintenanceOperations.Infrastructure.csproj" />
  </Folder>
  <Folder Name="/tests/">
    <Project Path="tests/AirportMaintenanceOperations.Tests/AircraftMaintenanceOperations.Tests.csproj" />
  </Folder>
</Solution>
